// !$*UTF8*$!
{
	archiveVersion = 1;
	classes = {
	};
	objectVersion = 48;
	objects = {

/* Begin PBXBuildFile section */
		A698F0711FA47AB000D563F8 /* AppDelegate.swift in Sources */ = {isa = PBXBuildFile; fileRef = A698F0701FA47AB000D563F8 /* AppDelegate.swift */; };
		A698F0731FA47AB000D563F8 /* ViewController.swift in Sources */ = {isa = PBXBuildFile; fileRef = A698F0721FA47AB000D563F8 /* ViewController.swift */; };
		A698F0761FA47AB000D563F8 /* Main.storyboard in Resources */ = {isa = PBXBuildFile; fileRef = A698F0741FA47AB000D563F8 /* Main.storyboard */; };
		A698F0781FA47AB000D563F8 /* Assets.xcassets in Resources */ = {isa = PBXBuildFile; fileRef = A698F0771FA47AB000D563F8 /* Assets.xcassets */; };
		A698F07B1FA47AB000D563F8 /* LaunchScreen.storyboard in Resources */ = {isa = PBXBuildFile; fileRef = A698F0791FA47AB000D563F8 /* LaunchScreen.storyboard */; };
/* End PBXBuildFile section */

/* Begin PBXFileReference section */
		A698F06D1FA47AB000D563F8 /* G58L3.app */ = {isa = PBXFileReference; explicitFileType = wrapper.application; includeInIndex = 0; path = G58L3.app; sourceTree = BUILT_PRODUCTS_DIR; };
		A698F0701FA47AB000D563F8 /* AppDelegate.swift */ = {isa = PBXFileReference; lastKnownFileType = sourcecode.swift; path = AppDelegate.swift; sourceTree = "<group>"; };
		A698F0721FA47AB000D563F8 /* ViewController.swift */ = {isa = PBXFileReference; lastKnownFileType = sourcecode.swift; path = ViewController.swift; sourceTree = "<group>"; };
		A698F0751FA47AB000D563F8 /* Base */ = {isa = PBXFileReference; lastKnownFileType = file.storyboard; name = Base; path = Base.lproj/Main.storyboard; sourceTree = "<group>"; };
		A698F0771FA47AB000D563F8 /* Assets.xcassets */ = {isa = PBXFileReference; lastKnownFileType = folder.assetcatalog; path = Assets.xcassets; sourceTree = "<group>"; };
		A698F07A1FA47AB000D563F8 /* Base */ = {isa = PBXFileReference; lastKnownFileType = file.storyboard; name = Base; path = Base.lproj/LaunchScreen.storyboard; sourceTree = "<group>"; };
		A698F07C1FA47AB000D563F8 /* Info.plist */ = {isa = PBXFileReference; lastKnownFileType = text.plist.xml; path = Info.plist; sourceTree = "<group>"; };
/* End PBXFileReference section */

/* Begin PBXFrameworksBuildPhase section */
		A698F06A1FA47AB000D563F8 /* Frameworks */ = {
			isa = PBXFrameworksBuildPhase;
			buildActionMask = 2147483647;
			files = (
			);
			runOnlyForDeploymentPostprocessing = 0;
		};
/* End PBXFrameworksBuildPhase section */

/* Begin PBXGroup section */
		A698F0641FA47AB000D563F8 = {
			isa = PBXGroup;
			children = (
				A698F06F1FA47AB000D563F8 /* G58L3 */,
				A698F06E1FA47AB000D563F8 /* Products */,
			);
			sourceTree = "<group>";
		};
		A698F06E1FA47AB000D563F8 /* Products */ = {
			isa = PBXGroup;
			children = (
				A698F06D1FA47AB000D563F8 /* G58L3.app */,
			);
			name = Products;
			sourceTree = "<group>";
		};
		A698F06F1FA47AB000D563F8 /* G58L3 */ = {
			isa = PBXGroup;
			children = (
				A698F0701FA47AB000D563F8 /* AppDelegate.swift */,
				A698F0721FA47AB000D563F8 /* ViewController.swift */,
				A698F0741FA47AB000D563F8 /* Main.storyboard */,
				A698F0771FA47AB000D563F8 /* Assets.xcassets */,
				A698F0791FA47AB000D563F8 /* LaunchScreen.storyboard */,
				A698F07C1FA47AB000D563F8 /* Info.plist */,
			);
			path = G58L3;
			sourceTree = "<group>";
		};
/* End PBXGroup section */

/* Begin PBXNativeTarget section */
		A698F06C1FA47AB000D563F8 /* G58L3 */ = {
			isa = PBXNativeTarget;
			buildConfigurationList = A698F07F1FA47AB000D563F8 /* Build configuration list for PBXNativeTarget "G58L3" */;
			buildPhases = (
				A698F0691FA47AB000D563F8 /* Sources */,
				A698F06A1FA47AB000D563F8 /* Frameworks */,
				A698F06B1FA47AB000D563F8 /* Resources */,
			);
			buildRules = (
			);
			dependencies = (
			);
			name = G58L3;
			productName = G58L3;
			productReference = A698F06D1FA47AB000D563F8 /* G58L3.app */;
			productType = "com.apple.product-type.application";
		};
/* End PBXNativeTarget section */

/* Begin PBXProject section */
		A698F0651FA47AB000D563F8 /* Project object */ = {
			isa = PBXProject;
			attributes = {
				LastSwiftUpdateCheck = 0900;
				LastUpgradeCheck = 0900;
				ORGANIZATIONNAME = "Tung Fam";
				TargetAttributes = {
					A698F06C1FA47AB000D563F8 = {
						CreatedOnToolsVersion = 9.0.1;
						ProvisioningStyle = Automatic;
					};
				};
			};
			buildConfigurationList = A698F0681FA47AB000D563F8 /* Build configuration list for PBXProject "G58L3" */;
			compatibilityVersion = "Xcode 8.0";
			developmentRegion = en;
			hasScannedForEncodings = 0;
			knownRegions = (
				en,
				Base,
			);
			mainGroup = A698F0641FA47AB000D563F8;
			productRefGroup = A698F06E1FA47AB000D563F8 /* Products */;
			projectDirPath = "";
			projectRoot = "";
			targets = (
				A698F06C1FA47AB000D563F8 /* G58L3 */,
			);
		};
/* End PBXProject section */

/* Begin PBXResourcesBuildPhase section */
		A698F06B1FA47AB000D563F8 /* Resources */ = {
			isa = PBXResourcesBuildPhase;
			buildActionMask = 2147483647;
			files = (
				A698F07B1FA47AB000D563F8 /* LaunchScreen.storyboard in Resources */,
				A698F0781FA47AB000D563F8 /* Assets.xcassets in Resources */,
				A698F0761FA47AB000D563F8 /* Main.storyboard in Resources */,
			);
			runOnlyForDeploymentPostprocessing = 0;
		};
/* End PBXResourcesBuildPhase section */

/* Begin PBXSourcesBuildPhase section */
		A698F0691FA47AB000D563F8 /* Sources */ = {
			isa = PBXSourcesBuildPhase;
			buildActionMask = 2147483647;
			files = (
				A698F0731FA47AB000D563F8 /* ViewController.swift in Sources */,
				A698F0711FA47AB000D563F8 /* AppDelegate.swift in Sources */,
			);
			runOnlyForDeploymentPostprocessing = 0;
		};
/* End PBXSourcesBuildPhase section */

/* Begin PBXVariantGroup section */
		A698F0741FA47AB000D563F8 /* Main.storyboard */ = {
			isa = PBXVariantGroup;
			children = (
				A698F0751FA47AB000D563F8 /* Base */,
			);
			name = Main.storyboard;
			sourceTree = "<group>";
		};
		A698F0791FA47AB000D563F8 /* LaunchScreen.storyboard */ = {
			isa = PBXVariantGroup;
			children = (
				A698F07A1FA47AB000D563F8 /* Base */,
			);
			name = LaunchScreen.storyboard;
			sourceTree = "<group>";
		};
/* End PBXVariantGroup section */

/* Begin XCBuildConfiguration section */
		A698F07D1FA47AB000D563F8 /* Debug */ = {
			isa = XCBuildConfiguration;
			buildSettings = {
				ALWAYS_SEARCH_USER_PATHS = NO;
				CLANG_ANALYZER_NONNULL = YES;
				CLANG_ANALYZER_NUMBER_OBJECT_CONVERSION = YES_AGGRESSIVE;
				CLANG_CXX_LANGUAGE_STANDARD = "gnu++14";
				CLANG_CXX_LIBRARY = "libc++";
				CLANG_ENABLE_MODULES = YES;
				CLANG_ENABLE_OBJC_ARC = YES;
				CLANG_WARN_BLOCK_CAPTURE_AUTORELEASING = YES;
				CLANG_WARN_BOOL_CONVERSION = YES;
				CLANG_WARN_COMMA = YES;
				CLANG_WARN_CONSTANT_CONVERSION = YES;
				CLANG_WARN_DIRECT_OBJC_ISA_USAGE = YES_ERROR;
				CLANG_WARN_DOCUMENTATION_COMMENTS = YES;
				CLANG_WARN_EMPTY_BODY = YES;
				CLANG_WARN_ENUM_CONVERSION = YES;
				CLANG_WARN_INFINITE_RECURSION = YES;
				CLANG_WARN_INT_CONVERSION = YES;
				CLANG_WARN_NON_LITERAL_NULL_CONVERSION = YES;
				CLANG_WARN_OBJC_LITERAL_CONVERSION = YES;
				CLANG_WARN_OBJC_ROOT_CLASS = YES_ERROR;
				CLANG_WARN_RANGE_LOOP_ANALYSIS = YES;
				CLANG_WARN_STRICT_PROTOTYPES = YES;
				CLANG_WARN_SUSPICIOUS_MOVE = YES;
				CLANG_WARN_UNGUARDED_AVAILABILITY = YES_AGGRESSIVE;
				CLANG_WARN_UNREACHABLE_CODE = YES;
				CLANG_WARN__DUPLICATE_METHOD_MATCH = YES;
				CODE_SIGN_IDENTITY = "iPhone Developer";
				COPY_PHASE_STRIP = NO;
				DEBUG_INFORMATION_FORMAT = dwarf;
				ENABLE_STRICT_OBJC_MSGSEND = YES;
				ENABLE_TESTABILITY = YES;
				GCC_C_LANGUAGE_STANDARD = gnu11;
				GCC_DYNAMIC_NO_PIC = NO;
				GCC_NO_COMMON_BLOCKS = YES;
				GCC_OPTIMIZATION_LEVEL = 0;
				GCC_PREPROCESSOR_DEFINITIONS = (
					"DEBUG=1",
					"$(inherited)",
				);
				GCC_WARN_64_TO_32_BIT_CONVERSION = YES;
				GCC_WARN_ABOUT_RETURN_TYPE = YES_ERROR;
				GCC_WARN_UNDECLARED_SELECTOR = YES;
				GCC_WARN_UNINITIALIZED_AUTOS = YES_AGGRESSIVE;
				GCC_WARN_UNUSED_FUNCTION = YES;
				GCC_WARN_UNUSED_VARIABLE = YES;
				IPHONEOS_DEPLOYMENT_TARGET = 11.0;
				MTL_ENABLE_DEBUG_INFO = YES;
				ONLY_ACTIVE_ARCH = YES;
				SDKROOT = iphoneos;
				SWIFT_ACTIVE_COMPILATION_CONDITIONS = DEBUG;
				SWIFT_OPTIMIZATION_LEVEL = "-Onone";
			};
			name = Debug;
		};
		A698F07E1FA47AB000D563F8 /* Release */ = {
			isa = XCBuildConfiguration;
			buildSettings = {
				ALWAYS_SEARCH_USER_PATHS = NO;
				CLANG_ANALYZER_NONNULL = YES;
				CLANG_ANALYZER_NUMBER_OBJECT_CONVERSION = YES_AGGRESSIVE;
				CLANG_CXX_LANGUAGE_STANDARD = "gnu++14";
				CLANG_CXX_LIBRARY = "libc++";
				CLANG_ENABLE_MODULES = YES;
				CLANG_ENABLE_OBJC_ARC = YES;
				CLANG_WARN_BLOCK_CAPTURE_AUTORELEASING = YES;
				CLANG_WARN_BOOL_CONVERSION = YES;
				CLANG_WARN_COMMA = YES;
				CLANG_WARN_CONSTANT_CONVERSION = YES;
				CLANG_WARN_DIRECT_OBJC_ISA_USAGE = YES_ERROR;
				CLANG_WARN_DOCUMENTATION_COMMENTS = YES;
				CLANG_WARN_EMPTY_BODY = YES;
				CLANG_WARN_ENUM_CONVERSION = YES;
				CLANG_WARN_INFINITE_RECURSION = YES;
				CLANG_WARN_INT_CONVERSION = YES;
				CLANG_WARN_NON_LITERAL_NULL_CONVERSION = YES;
				CLANG_WARN_OBJC_LITERAL_CONVERSION = YES;
				CLANG_WARN_OBJC_ROOT_CLASS = YES_ERROR;
				CLANG_WARN_RANGE_LOOP_ANALYSIS = YES;
				CLANG_WARN_STRICT_PROTOTYPES = YES;
				CLANG_WARN_SUSPICIOUS_MOVE = YES;
				CLANG_WARN_UNGUARDED_AVAILABILITY = YES_AGGRESSIVE;
				CLANG_WARN_UNREACHABLE_CODE = YES;
				CLANG_WARN__DUPLICATE_METHOD_MATCH = YES;
				CODE_SIGN_IDENTITY = "iPhone Developer";
				COPY_PHASE_STRIP = NO;
				DEBUG_INFORMATION_FORMAT = "dwarf-with-dsym";
				ENABLE_NS_ASSERTIONS = NO;
				ENABLE_STRICT_OBJC_MSGSEND = YES;
				GCC_C_LANGUAGE_STANDARD = gnu11;
				GCC_NO_COMMON_BLOCKS = YES;
				GCC_WARN_64_TO_32_BIT_CONVERSION = YES;
				GCC_WARN_ABOUT_RETURN_TYPE = YES_ERROR;
				GCC_WARN_UNDECLARED_SELECTOR = YES;
				GCC_WARN_UNINITIALIZED_AUTOS = YES_AGGRESSIVE;
				GCC_WARN_UNUSED_FUNCTION = YES;
				GCC_WARN_UNUSED_VARIABLE = YES;
				IPHONEOS_DEPLOYMENT_TARGET = 11.0;
				MTL_ENABLE_DEBUG_INFO = NO;
				SDKROOT = iphoneos;
				SWIFT_OPTIMIZATION_LEVEL = "-Owholemodule";
				VALIDATE_PRODUCT = YES;
			};
			name = Release;
		};
		A698F0801FA47AB000D563F8 /* Debug */ = {
			isa = XCBuildConfiguration;
			buildSettings = {
				ASSETCATALOG_COMPILER_APPICON_NAME = AppIcon;
				CODE_SIGN_STYLE = Automatic;
				DEVELOPMENT_TEAM = YZT3W6BM9X;
				INFOPLIST_FILE = G58L3/Info.plist;
				LD_RUNPATH_SEARCH_PATHS = "$(inherited) @executable_path/Frameworks";
				PRODUCT_BUNDLE_IDENTIFIER = com.mintung.G58L3;
				PRODUCT_NAME = "$(TARGET_NAME)";
				SWIFT_VERSION = 4.0;
				TARGETED_DEVICE_FAMILY = "1,2";
			};
			name = Debug;
		};
		A698F0811FA47AB000D563F8 /* Release */ = {
			isa = XCBuildConfiguration;
			buildSettings = {
				ASSETCATALOG_COMPILER_APPICON_NAME = AppIcon;
				CODE_SIGN_STYLE = Automatic;
				DEVELOPMENT_TEAM = YZT3W6BM9X;
				INFOPLIST_FILE = G58L3/Info.plist;
				LD_RUNPATH_SEARCH_PATHS = "$(inherited) @executable_path/Frameworks";
				PRODUCT_BUNDLE_IDENTIFIER = com.mintung.G58L3;
				PRODUCT_NAME = "$(TARGET_NAME)";
				SWIFT_VERSION = 4.0;
				TARGETED_DEVICE_FAMILY = "1,2";
			};
			name = Release;
		};
/* End XCBuildConfiguration section */

/* Begin XCConfigurationList section */
		A698F0681FA47AB000D563F8 /* Build configuration list for PBXProject "G58L3" */ = {
			isa = XCConfigurationList;
			buildConfigurations = (
				A698F07D1FA47AB000D563F8 /* Debug */,
				A698F07E1FA47AB000D563F8 /* Release */,
			);
			defaultConfigurationIsVisible = 0;
			defaultConfigurationName = Release;
		};
		A698F07F1FA47AB000D563F8 /* Build configuration list for PBXNativeTarget "G58L3" */ = {
			isa = XCConfigurationList;
			buildConfigurations = (
				A698F0801FA47AB000D563F8 /* Debug */,
				A698F0811FA47AB000D563F8 /* Release */,
			);
			defaultConfigurationIsVisible = 0;
			defaultConfigurationName = Release;
		};
/* End XCConfigurationList section */
	};
	rootObject = A698F0651FA47AB000D563F8 /* Project object */;
}
